// !$*UTF8*$!
{
	archiveVersion = 1;
	classes = {
	};
	objectVersion = 50;
	objects = {

/* Begin PBXBuildFile section */
		3A90614EC6E11D9AF7B4E06E /* Pods_taskapp.framework in Frameworks */ = {isa = PBXBuildFile; fileRef = 507C59D16A2DFA3992355FA7 /* Pods_taskapp.framework */; };
		5539BD6B26F56C5C00C294BF /* AppDelegate.swift in Sources */ = {isa = PBXBuildFile; fileRef = 5539BD6A26F56C5C00C294BF /* AppDelegate.swift */; };
		5539BD6D26F56C5C00C294BF /* SceneDelegate.swift in Sources */ = {isa = PBXBuildFile; fileRef = 5539BD6C26F56C5C00C294BF /* SceneDelegate.swift */; };
		5539BD6F26F56C5C00C294BF /* ViewController.swift in Sources */ = {isa = PBXBuildFile; fileRef = 5539BD6E26F56C5C00C294BF /* ViewController.swift */; };
		5539BD7226F56C5C00C294BF /* Main.storyboard in Resources */ = {isa = PBXBuildFile; fileRef = 5539BD7026F56C5C00C294BF /* Main.storyboard */; };
		5539BD7426F56C5C00C294BF /* Assets.xcassets in Resources */ = {isa = PBXBuildFile; fileRef = 5539BD7326F56C5C00C294BF /* Assets.xcassets */; };
		5539BD7726F56C5C00C294BF /* LaunchScreen.storyboard in Resources */ = {isa = PBXBuildFile; fileRef = 5539BD7526F56C5C00C294BF /* LaunchScreen.storyboard */; };
		5539BD7F26F571D500C294BF /* InputViewController.swift in Sources */ = {isa = PBXBuildFile; fileRef = 5539BD7E26F571D500C294BF /* InputViewController.swift */; };
/* End PBXBuildFile section */

/* Begin PBXFileReference section */
		507C59D16A2DFA3992355FA7 /* Pods_taskapp.framework */ = {isa = PBXFileReference; explicitFileType = wrapper.framework; includeInIndex = 0; path = Pods_taskapp.framework; sourceTree = BUILT_PRODUCTS_DIR; };
		5539BD6726F56C5C00C294BF /* taskapp.app */ = {isa = PBXFileReference; explicitFileType = wrapper.application; includeInIndex = 0; path = taskapp.app; sourceTree = BUILT_PRODUCTS_DIR; };
		5539BD6A26F56C5C00C294BF /* AppDelegate.swift */ = {isa = PBXFileReference; lastKnownFileType = sourcecode.swift; path = AppDelegate.swift; sourceTree = "<group>"; };
		5539BD6C26F56C5C00C294BF /* SceneDelegate.swift */ = {isa = PBXFileReference; lastKnownFileType = sourcecode.swift; path = SceneDelegate.swift; sourceTree = "<group>"; };
		5539BD6E26F56C5C00C294BF /* ViewController.swift */ = {isa = PBXFileReference; lastKnownFileType = sourcecode.swift; path = ViewController.swift; sourceTree = "<group>"; };
		5539BD7126F56C5C00C294BF /* Base */ = {isa = PBXFileReference; lastKnownFileType = file.storyboard; name = Base; path = Base.lproj/Main.storyboard; sourceTree = "<group>"; };
		5539BD7326F56C5C00C294BF /* Assets.xcassets */ = {isa = PBXFileReference; lastKnownFileType = folder.assetcatalog; path = Assets.xcassets; sourceTree = "<group>"; };
		5539BD7626F56C5C00C294BF /* Base */ = {isa = PBXFileReference; lastKnownFileType = file.storyboard; name = Base; path = Base.lproj/LaunchScreen.storyboard; sourceTree = "<group>"; };
		5539BD7826F56C5C00C294BF /* Info.plist */ = {isa = PBXFileReference; lastKnownFileType = text.plist.xml; path = Info.plist; sourceTree = "<group>"; };
		5539BD7E26F571D500C294BF /* InputViewController.swift */ = {isa = PBXFileReference; lastKnownFileType = sourcecode.swift; path = InputViewController.swift; sourceTree = "<group>"; };
		CF294A1C301AE675F6835FCF /* Pods-taskapp.release.xcconfig */ = {isa = PBXFileReference; includeInIndex = 1; lastKnownFileType = text.xcconfig; name = "Pods-taskapp.release.xcconfig"; path = "Target Support Files/Pods-taskapp/Pods-taskapp.release.xcconfig"; sourceTree = "<group>"; };
		DF4BF3BE48A63E5EB8251D81 /* Pods-taskapp.debug.xcconfig */ = {isa = PBXFileReference; includeInIndex = 1; lastKnownFileType = text.xcconfig; name = "Pods-taskapp.debug.xcconfig"; path = "Target Support Files/Pods-taskapp/Pods-taskapp.debug.xcconfig"; sourceTree = "<group>"; };
/* End PBXFileReference section */

/* Begin PBXFrameworksBuildPhase section */
		5539BD6426F56C5C00C294BF /* Frameworks */ = {
			isa = PBXFrameworksBuildPhase;
			buildActionMask = 2147483647;
			files = (
				3A90614EC6E11D9AF7B4E06E /* Pods_taskapp.framework in Frameworks */,
			);
			runOnlyForDeploymentPostprocessing = 0;
		};
/* End PBXFrameworksBuildPhase section */

/* Begin PBXGroup section */
		5539BD5E26F56C5B00C294BF = {
			isa = PBXGroup;
			children = (
				5539BD6926F56C5C00C294BF /* taskapp */,
				5539BD6826F56C5C00C294BF /* Products */,
				5C9467291F931E76106BDF40 /* Pods */,
				81F9B43698B4D37D9FAEB053 /* Frameworks */,
			);
			sourceTree = "<group>";
		};
		5539BD6826F56C5C00C294BF /* Products */ = {
			isa = PBXGroup;
			children = (
				5539BD6726F56C5C00C294BF /* taskapp.app */,
			);
			name = Products;
			sourceTree = "<group>";
		};
		5539BD6926F56C5C00C294BF /* taskapp */ = {
			isa = PBXGroup;
			children = (
				5539BD6A26F56C5C00C294BF /* AppDelegate.swift */,
				5539BD6C26F56C5C00C294BF /* SceneDelegate.swift */,
				5539BD6E26F56C5C00C294BF /* ViewController.swift */,
				5539BD7E26F571D500C294BF /* InputViewController.swift */,
				5539BD7026F56C5C00C294BF /* Main.storyboard */,
				5539BD7326F56C5C00C294BF /* Assets.xcassets */,
				5539BD7526F56C5C00C294BF /* LaunchScreen.storyboard */,
				5539BD7826F56C5C00C294BF /* Info.plist */,
			);
			path = taskapp;
			sourceTree = "<group>";
		};
		5C9467291F931E76106BDF40 /* Pods */ = {
			isa = PBXGroup;
			children = (
				DF4BF3BE48A63E5EB8251D81 /* Pods-taskapp.debug.xcconfig */,
				CF294A1C301AE675F6835FCF /* Pods-taskapp.release.xcconfig */,
			);
			name = Pods;
			path = Pods;
			sourceTree = "<group>";
		};
		81F9B43698B4D37D9FAEB053 /* Frameworks */ = {
			isa = PBXGroup;
			children = (
				507C59D16A2DFA3992355FA7 /* Pods_taskapp.framework */,
			);
			name = Frameworks;
			sourceTree = "<group>";
		};
/* End PBXGroup section */

/* Begin PBXNativeTarget section */
		5539BD6626F56C5C00C294BF /* taskapp */ = {
			isa = PBXNativeTarget;
			buildConfigurationList = 5539BD7B26F56C5C00C294BF /* Build configuration list for PBXNativeTarget "taskapp" */;
			buildPhases = (
				EB434538AA4855E1D576B1B7 /* [CP] Check Pods Manifest.lock */,
				5539BD6326F56C5C00C294BF /* Sources */,
				5539BD6426F56C5C00C294BF /* Frameworks */,
				5539BD6526F56C5C00C294BF /* Resources */,
				ECAA1FBCB6AF480CC6493344 /* [CP] Embed Pods Frameworks */,
			);
			buildRules = (
			);
			dependencies = (
			);
			name = taskapp;
			productName = taskapp;
			productReference = 5539BD6726F56C5C00C294BF /* taskapp.app */;
			productType = "com.apple.product-type.application";
		};
/* End PBXNativeTarget section */

/* Begin PBXProject section */
		5539BD5F26F56C5B00C294BF /* Project object */ = {
			isa = PBXProject;
			attributes = {
				LastSwiftUpdateCheck = 1250;
				LastUpgradeCheck = 1250;
				TargetAttributes = {
					5539BD6626F56C5C00C294BF = {
						CreatedOnToolsVersion = 12.5.1;
					};
				};
			};
			buildConfigurationList = 5539BD6226F56C5B00C294BF /* Build configuration list for PBXProject "taskapp" */;
			compatibilityVersion = "Xcode 9.3";
			developmentRegion = en;
			hasScannedForEncodings = 0;
			knownRegions = (
				en,
				Base,
			);
			mainGroup = 5539BD5E26F56C5B00C294BF;
			productRefGroup = 5539BD6826F56C5C00C294BF /* Products */;
			projectDirPath = "";
			projectRoot = "";
			targets = (
				5539BD6626F56C5C00C294BF /* taskapp */,
			);
		};
/* End PBXProject section */

/* Begin PBXResourcesBuildPhase section */
		5539BD6526F56C5C00C294BF /* Resources */ = {
			isa = PBXResourcesBuildPhase;
			buildActionMask = 2147483647;
			files = (
				5539BD7726F56C5C00C294BF /* LaunchScreen.storyboard in Resources */,
				5539BD7426F56C5C00C294BF /* Assets.xcassets in Resources */,
				5539BD7226F56C5C00C294BF /* Main.storyboard in Resources */,
			);
			runOnlyForDeploymentPostprocessing = 0;
		};
/* End PBXResourcesBuildPhase section */

/* Begin PBXShellScriptBuildPhase section */
		EB434538AA4855E1D576B1B7 /* [CP] Check Pods Manifest.lock */ = {
			isa = PBXShellScriptBuildPhase;
			buildActionMask = 2147483647;
			files = (
			);
			inputFileListPaths = (
			);
			inputPaths = (
				"${PODS_PODFILE_DIR_PATH}/Podfile.lock",
				"${PODS_ROOT}/Manifest.lock",
			);
			name = "[CP] Check Pods Manifest.lock";
			outputFileListPaths = (
			);
			outputPaths = (
				"$(DERIVED_FILE_DIR)/Pods-taskapp-checkManifestLockResult.txt",
			);
			runOnlyForDeploymentPostprocessing = 0;
			shellPath = /bin/sh;
			shellScript = "diff \"${PODS_PODFILE_DIR_PATH}/Podfile.lock\" \"${PODS_ROOT}/Manifest.lock\" > /dev/null\nif [ $? != 0 ] ; then\n    # print error to STDERR\n    echo \"error: The sandbox is not in sync with the Podfile.lock. Run 'pod install' or update your CocoaPods installation.\" >&2\n    exit 1\nfi\n# This output is used by Xcode 'outputs' to avoid re-running this script phase.\necho \"SUCCESS\" > \"${SCRIPT_OUTPUT_FILE_0}\"\n";
			showEnvVarsInLog = 0;
		};
		ECAA1FBCB6AF480CC6493344 /* [CP] Embed Pods Frameworks */ = {
			isa = PBXShellScriptBuildPhase;
			buildActionMask = 2147483647;
			files = (
			);
			inputFileListPaths = (
				"${PODS_ROOT}/Target Support Files/Pods-taskapp/Pods-taskapp-frameworks-${CONFIGURATION}-input-files.xcfilelist",
			);
			name = "[CP] Embed Pods Frameworks";
			outputFileListPaths = (
				"${PODS_ROOT}/Target Support Files/Pods-taskapp/Pods-taskapp-frameworks-${CONFIGURATION}-output-files.xcfilelist",
			);
			runOnlyForDeploymentPostprocessing = 0;
			shellPath = /bin/sh;
			shellScript = "\"${PODS_ROOT}/Target Support Files/Pods-taskapp/Pods-taskapp-frameworks.sh\"\n";
			showEnvVarsInLog = 0;
		};
/* End PBXShellScriptBuildPhase section */

/* Begin PBXSourcesBuildPhase section */
		5539BD6326F56C5C00C294BF /* Sources */ = {
			isa = PBXSourcesBuildPhase;
			buildActionMask = 2147483647;
			files = (
				5539BD6F26F56C5C00C294BF /* ViewController.swift in Sources */,
				5539BD6B26F56C5C00C294BF /* AppDelegate.swift in Sources */,
				5539BD6D26F56C5C00C294BF /* SceneDelegate.swift in Sources */,
				5539BD7F26F571D500C294BF /* InputViewController.swift in Sources */,
			);
			runOnlyForDeploymentPostprocessing = 0;
		};
/* End PBXSourcesBuildPhase section */

/* Begin PBXVariantGroup section */
		5539BD7026F56C5C00C294BF /* Main.storyboard */ = {
			isa = PBXVariantGroup;
			children = (
				5539BD7126F56C5C00C294BF /* Base */,
			);
			name = Main.storyboard;
			sourceTree = "<group>";
		};
		5539BD7526F56C5C00C294BF /* LaunchScreen.storyboard */ = {
			isa = PBXVariantGroup;
			children = (
				5539BD7626F56C5C00C294BF /* Base */,
			);
			name = LaunchScreen.storyboard;
			sourceTree = "<group>";
		};
/* End PBXVariantGroup section */

/* Begin XCBuildConfiguration section */
		5539BD7926F56C5C00C294BF /* Debug */ = {
			isa = XCBuildConfiguration;
			buildSettings = {
				ALWAYS_SEARCH_USER_PATHS = NO;
				CLANG_ANALYZER_NONNULL = YES;
				CLANG_ANALYZER_NUMBER_OBJECT_CONVERSION = YES_AGGRESSIVE;
				CLANG_CXX_LANGUAGE_STANDARD = "gnu++14";
				CLANG_CXX_LIBRARY = "libc++";
				CLANG_ENABLE_MODULES = YES;
				CLANG_ENABLE_OBJC_ARC = YES;
				CLANG_ENABLE_OBJC_WEAK = YES;
				CLANG_WARN_BLOCK_CAPTURE_AUTORELEASING = YES;
				CLANG_WARN_BOOL_CONVERSION = YES;
				CLANG_WARN_COMMA = YES;
				CLANG_WARN_CONSTANT_CONVERSION = YES;
				CLANG_WARN_DEPRECATED_OBJC_IMPLEMENTATIONS = YES;
				CLANG_WARN_DIRECT_OBJC_ISA_USAGE = YES_ERROR;
				CLANG_WARN_DOCUMENTATION_COMMENTS = YES;
				CLANG_WARN_EMPTY_BODY = YES;
				CLANG_WARN_ENUM_CONVERSION = YES;
				CLANG_WARN_INFINITE_RECURSION = YES;
				CLANG_WARN_INT_CONVERSION = YES;
				CLANG_WARN_NON_LITERAL_NULL_CONVERSION = YES;
				CLANG_WARN_OBJC_IMPLICIT_RETAIN_SELF = YES;
				CLANG_WARN_OBJC_LITERAL_CONVERSION = YES;
				CLANG_WARN_OBJC_ROOT_CLASS = YES_ERROR;
				CLANG_WARN_QUOTED_INCLUDE_IN_FRAMEWORK_HEADER = YES;
				CLANG_WARN_RANGE_LOOP_ANALYSIS = YES;
				CLANG_WARN_STRICT_PROTOTYPES = YES;
				CLANG_WARN_SUSPICIOUS_MOVE = YES;
				CLANG_WARN_UNGUARDED_AVAILABILITY = YES_AGGRESSIVE;
				CLANG_WARN_UNREACHABLE_CODE = YES;
				CLANG_WARN__DUPLICATE_METHOD_MATCH = YES;
				COPY_PHASE_STRIP = NO;
				DEBUG_INFORMATION_FORMAT = dwarf;
				ENABLE_STRICT_OBJC_MSGSEND = YES;
				ENABLE_TESTABILITY = YES;
				GCC_C_LANGUAGE_STANDARD = gnu11;
				GCC_DYNAMIC_NO_PIC = NO;
				GCC_NO_COMMON_BLOCKS = YES;
				GCC_OPTIMIZATION_LEVEL = 0;
				GCC_PREPROCESSOR_DEFINITIONS = (
					"DEBUG=1",
					"$(inherited)",
				);
				GCC_WARN_64_TO_32_BIT_CONVERSION = YES;
				GCC_WARN_ABOUT_RETURN_TYPE = YES_ERROR;
				GCC_WARN_UNDECLARED_SELECTOR = YES;
				GCC_WARN_UNINITIALIZED_AUTOS = YES_AGGRESSIVE;
				GCC_WARN_UNUSED_FUNCTION = YES;
				GCC_WARN_UNUSED_VARIABLE = YES;
				IPHONEOS_DEPLOYMENT_TARGET = 14.5;
				MTL_ENABLE_DEBUG_INFO = INCLUDE_SOURCE;
				MTL_FAST_MATH = YES;
				ONLY_ACTIVE_ARCH = YES;
				SDKROOT = iphoneos;
				SWIFT_ACTIVE_COMPILATION_CONDITIONS = DEBUG;
				SWIFT_OPTIMIZATION_LEVEL = "-Onone";
			};
			name = Debug;
		};
		5539BD7A26F56C5C00C294BF /* Release */ = {
			isa = XCBuildConfiguration;
			buildSettings = {
				ALWAYS_SEARCH_USER_PATHS = NO;
				CLANG_ANALYZER_NONNULL = YES;
				CLANG_ANALYZER_NUMBER_OBJECT_CONVERSION = YES_AGGRESSIVE;
				CLANG_CXX_LANGUAGE_STANDARD = "gnu++14";
				CLANG_CXX_LIBRARY = "libc++";
				CLANG_ENABLE_MODULES = YES;
				CLANG_ENABLE_OBJC_ARC = YES;
				CLANG_ENABLE_OBJC_WEAK = YES;
				CLANG_WARN_BLOCK_CAPTURE_AUTORELEASING = YES;
				CLANG_WARN_BOOL_CONVERSION = YES;
				CLANG_WARN_COMMA = YES;
				CLANG_WARN_CONSTANT_CONVERSION = YES;
				CLANG_WARN_DEPRECATED_OBJC_IMPLEMENTATIONS = YES;
				CLANG_WARN_DIRECT_OBJC_ISA_USAGE = YES_ERROR;
				CLANG_WARN_DOCUMENTATION_COMMENTS = YES;
				CLANG_WARN_EMPTY_BODY = YES;
				CLANG_WARN_ENUM_CONVERSION = YES;
				CLANG_WARN_INFINITE_RECURSION = YES;
				CLANG_WARN_INT_CONVERSION = YES;
				CLANG_WARN_NON_LITERAL_NULL_CONVERSION = YES;
				CLANG_WARN_OBJC_IMPLICIT_RETAIN_SELF = YES;
				CLANG_WARN_OBJC_LITERAL_CONVERSION = YES;
				CLANG_WARN_OBJC_ROOT_CLASS = YES_ERROR;
				CLANG_WARN_QUOTED_INCLUDE_IN_FRAMEWORK_HEADER = YES;
				CLANG_WARN_RANGE_LOOP_ANALYSIS = YES;
				CLANG_WARN_STRICT_PROTOTYPES = YES;
				CLANG_WARN_SUSPICIOUS_MOVE = YES;
				CLANG_WARN_UNGUARDED_AVAILABILITY = YES_AGGRESSIVE;
				CLANG_WARN_UNREACHABLE_CODE = YES;
				CLANG_WARN__DUPLICATE_METHOD_MATCH = YES;
				COPY_PHASE_STRIP = NO;
				DEBUG_INFORMATION_FORMAT = "dwarf-with-dsym";
				ENABLE_NS_ASSERTIONS = NO;
				ENABLE_STRICT_OBJC_MSGSEND = YES;
				GCC_C_LANGUAGE_STANDARD = gnu11;
				GCC_NO_COMMON_BLOCKS = YES;
				GCC_WARN_64_TO_32_BIT_CONVERSION = YES;
				GCC_WARN_ABOUT_RETURN_TYPE = YES_ERROR;
				GCC_WARN_UNDECLARED_SELECTOR = YES;
				GCC_WARN_UNINITIALIZED_AUTOS = YES_AGGRESSIVE;
				GCC_WARN_UNUSED_FUNCTION = YES;
				GCC_WARN_UNUSED_VARIABLE = YES;
				IPHONEOS_DEPLOYMENT_TARGET = 14.5;
				MTL_ENABLE_DEBUG_INFO = NO;
				MTL_FAST_MATH = YES;
				SDKROOT = iphoneos;
				SWIFT_COMPILATION_MODE = wholemodule;
				SWIFT_OPTIMIZATION_LEVEL = "-O";
				VALIDATE_PRODUCT = YES;
			};
			name = Release;
		};
		5539BD7C26F56C5C00C294BF /* Debug */ = {
			isa = XCBuildConfiguration;
			baseConfigurationReference = DF4BF3BE48A63E5EB8251D81 /* Pods-taskapp.debug.xcconfig */;
			buildSettings = {
				ASSETCATALOG_COMPILER_APPICON_NAME = AppIcon;
				ASSETCATALOG_COMPILER_GLOBAL_ACCENT_COLOR_NAME = AccentColor;
				CODE_SIGN_STYLE = Automatic;
				DEVELOPMENT_TEAM = AJ27FQZ4QX;
				INFOPLIST_FILE = taskapp/Info.plist;
				LD_RUNPATH_SEARCH_PATHS = (
					"$(inherited)",
					"@executable_path/Frameworks",
				);
				PRODUCT_BUNDLE_IDENTIFIER = jp.techacademy.kohei.yoshida.taskapp;
				PRODUCT_NAME = "$(TARGET_NAME)";
				SWIFT_VERSION = 5.0;
				TARGETED_DEVICE_FAMILY = 1;
			};
			name = Debug;
		};
		5539BD7D26F56C5C00C294BF /* Release */ = {
			isa = XCBuildConfiguration;
			baseConfigurationReference = CF294A1C301AE675F6835FCF /* Pods-taskapp.release.xcconfig */;
			buildSettings = {
				ASSETCATALOG_COMPILER_APPICON_NAME = AppIcon;
				ASSETCATALOG_COMPILER_GLOBAL_ACCENT_COLOR_NAME = AccentColor;
				CODE_SIGN_STYLE = Automatic;
				DEVELOPMENT_TEAM = AJ27FQZ4QX;
				INFOPLIST_FILE = taskapp/Info.plist;
				LD_RUNPATH_SEARCH_PATHS = (
					"$(inherited)",
					"@executable_path/Frameworks",
				);
				PRODUCT_BUNDLE_IDENTIFIER = jp.techacademy.kohei.yoshida.taskapp;
				PRODUCT_NAME = "$(TARGET_NAME)";
				SWIFT_VERSION = 5.0;
				TARGETED_DEVICE_FAMILY = 1;
			};
			name = Release;
		};
/* End XCBuildConfiguration section */

/* Begin XCConfigurationList section */
		5539BD6226F56C5B00C294BF /* Build configuration list for PBXProject "taskapp" */ = {
			isa = XCConfigurationList;
			buildConfigurations = (
				5539BD7926F56C5C00C294BF /* Debug */,
				5539BD7A26F56C5C00C294BF /* Release */,
			);
			defaultConfigurationIsVisible = 0;
			defaultConfigurationName = Release;
		};
		5539BD7B26F56C5C00C294BF /* Build configuration list for PBXNativeTarget "taskapp" */ = {
			isa = XCConfigurationList;
			buildConfigurations = (
				5539BD7C26F56C5C00C294BF /* Debug */,
				5539BD7D26F56C5C00C294BF /* Release */,
			);
			defaultConfigurationIsVisible = 0;
			defaultConfigurationName = Release;
		};
/* End XCConfigurationList section */
	};
	rootObject = 5539BD5F26F56C5B00C294BF /* Project object */;
}
